PODS:
  - SVProgressHUD (2.1.2)
  - TBXML (1.5)

DEPENDENCIES:
  - SVProgressHUD
  - TBXML

SPEC REPOS:
  trunk:
    - SVProgressHUD
    - TBXML

SPEC CHECKSUMS:
  SVProgressHUD: c404a55d78acbeb7ebb78b76d3faf986475a6994
  TBXML: 9f9dadb239f2f2af1dadb87fe43a0ce6e479379a

PODFILE CHECKSUM: 23bcea16cd40c53bf223fe4b8185c6639146b8f6

COCOAPODS: 1.10.0
