PODS:
  - SVProgressHUD (2.0.3)
  - TBXML (1.5)

DEPENDENCIES:
  - SVProgressHUD
  - TBXML

SPEC CHECKSUMS:
  SVProgressHUD: b0830714205bea1317ea1a2ebc71e5633af334d4
  TBXML: 9f9dadb239f2f2af1dadb87fe43a0ce6e479379a

PODFILE CHECKSUM: 23bcea16cd40c53bf223fe4b8185c6639146b8f6

COCOAPODS: 1.1.0.beta.1
